
Microsoft Visual Studio Solution File, Format Version 12.00
# Visual Studio 15
Project("{FAE04EC0-301F-11D3-BF4B-00C04F79EFBC}") = "Assembly-CSharp", "Assembly-CSharp.csproj", "{1FB955FC-86D0-1886-893C-FB007DE0B8E5}"
EndProject
Project("{FAE04EC0-301F-11D3-BF4B-00C04F79EFBC}") = "Assembly-CSharp-firstpass", "Assembly-CSharp-firstpass.csproj", "{E7C469A9-1BE0-E774-6F6C-0DC260CA2A02}"
EndProject
Project("{9A19103F-16F7-4668-BE54-9A1E7A4F7556}") = "SlotGame.API", "..\SlotGame.API\SlotGame.API.csproj", "{5A814549-1658-42CE-BDB4-178577075478}"
EndProject
Project("{9A19103F-16F7-4668-BE54-9A1E7A4F7556}") = "SlotGame.DataAccess", "..\SlotGame.DataAccess\SlotGame.DataAccess.csproj", "{6EB2E930-4C8C-4F0B-B82F-D577C0582D4F}"
EndProject
Project("{9A19103F-16F7-4668-BE54-9A1E7A4F7556}") = "SlotGame.Types", "..\SlotGame.Types\SlotGame.Types.csproj", "{E331A169-45ED-4547-8F5B-A32B00EF6AAE}"
EndProject
Global
	GlobalSection(SolutionConfigurationPlatforms) = preSolution
		Debug|Any CPU = Debug|Any CPU
		Release|Any CPU = Release|Any CPU
	EndGlobalSection
	GlobalSection(ProjectConfigurationPlatforms) = postSolution
		{1FB955FC-86D0-1886-893C-FB007DE0B8E5}.Debug|Any CPU.ActiveCfg = Debug|Any CPU
		{1FB955FC-86D0-1886-893C-FB007DE0B8E5}.Debug|Any CPU.Build.0 = Debug|Any CPU
		{1FB955FC-86D0-1886-893C-FB007DE0B8E5}.Release|Any CPU.ActiveCfg = Release|Any CPU
		{1FB955FC-86D0-1886-893C-FB007DE0B8E5}.Release|Any CPU.Build.0 = Release|Any CPU
		{E7C469A9-1BE0-E774-6F6C-0DC260CA2A02}.Debug|Any CPU.ActiveCfg = Debug|Any CPU
		{E7C469A9-1BE0-E774-6F6C-0DC260CA2A02}.Debug|Any CPU.Build.0 = Debug|Any CPU
		{E7C469A9-1BE0-E774-6F6C-0DC260CA2A02}.Release|Any CPU.ActiveCfg = Release|Any CPU
		{E7C469A9-1BE0-E774-6F6C-0DC260CA2A02}.Release|Any CPU.Build.0 = Release|Any CPU
		{5A814549-1658-42CE-BDB4-178577075478}.Debug|Any CPU.ActiveCfg = Debug|Any CPU
		{5A814549-1658-42CE-BDB4-178577075478}.Debug|Any CPU.Build.0 = Debug|Any CPU
		{5A814549-1658-42CE-BDB4-178577075478}.Release|Any CPU.ActiveCfg = Release|Any CPU
		{5A814549-1658-42CE-BDB4-178577075478}.Release|Any CPU.Build.0 = Release|Any CPU
		{6EB2E930-4C8C-4F0B-B82F-D577C0582D4F}.Debug|Any CPU.ActiveCfg = Debug|Any CPU
		{6EB2E930-4C8C-4F0B-B82F-D577C0582D4F}.Debug|Any CPU.Build.0 = Debug|Any CPU
		{6EB2E930-4C8C-4F0B-B82F-D577C0582D4F}.Release|Any CPU.ActiveCfg = Release|Any CPU
		{6EB2E930-4C8C-4F0B-B82F-D577C0582D4F}.Release|Any CPU.Build.0 = Release|Any CPU
		{E331A169-45ED-4547-8F5B-A32B00EF6AAE}.Debug|Any CPU.ActiveCfg = Debug|Any CPU
		{E331A169-45ED-4547-8F5B-A32B00EF6AAE}.Debug|Any CPU.Build.0 = Debug|Any CPU
		{E331A169-45ED-4547-8F5B-A32B00EF6AAE}.Release|Any CPU.ActiveCfg = Release|Any CPU
		{E331A169-45ED-4547-8F5B-A32B00EF6AAE}.Release|Any CPU.Build.0 = Release|Any CPU
	EndGlobalSection
	GlobalSection(SolutionProperties) = preSolution
		HideSolutionNode = FALSE
	EndGlobalSection
EndGlobal
